
Microsoft Visual Studio Solution File, Format Version 12.00
# Visual Studio Version 17
VisualStudioVersion = 17.9.34728.123
MinimumVisualStudioVersion = 15.0.26124.0
Project("{9A19103F-16F7-4668-BE54-9A1E7A4F7556}") = "SciFi.Infrastructure", "SciFi.Infrastructure\SciFi.Infrastructure.csproj", "{39FE31A9-240A-4604-8975-7CAAA91AC649}"
EndProject
Project("{9A19103F-16F7-4668-BE54-9A1E7A4F7556}") = "SciFi.SimpleLambda", "SciFi.SimpleLambda\SciFi.SimpleLambda.csproj", "{4CDF6FA8-E0E3-4DE9-9DFF-DE53BEAA38F3}"
EndProject
Project("{9A19103F-16F7-4668-BE54-9A1E7A4F7556}") = "SciFi.SimpleLambda.Tests", "SciFi.SimpleLambda.Tests\SciFi.SimpleLambda.Tests.csproj", "{9D3EEB00-A231-4092-A595-1BD984E74983}"
EndProject
Project("{9A19103F-16F7-4668-BE54-9A1E7A4F7556}") = "SciFi.DynamoLambda", "SciFi.DynamoLambda\SciFi.DynamoLambda.csproj", "{9C13C175-8DC0-4C01-A9C7-8E39644EAB3A}"
EndProject
Project("{9A19103F-16F7-4668-BE54-9A1E7A4F7556}") = "SciFi.ApiLambda", "SciFi.ApiLambda\SciFi.ApiLambda.csproj", "{8242FBDF-C9FA-4E14-BE49-46471CEECFA5}"
EndProject
Global
	GlobalSection(SolutionConfigurationPlatforms) = preSolution
		Debug|Any CPU = Debug|Any CPU
		Debug|x64 = Debug|x64
		Debug|x86 = Debug|x86
		Release|Any CPU = Release|Any CPU
		Release|x64 = Release|x64
		Release|x86 = Release|x86
	EndGlobalSection
	GlobalSection(ProjectConfigurationPlatforms) = postSolution
		{39FE31A9-240A-4604-8975-7CAAA91AC649}.Debug|Any CPU.ActiveCfg = Debug|Any CPU
		{39FE31A9-240A-4604-8975-7CAAA91AC649}.Debug|Any CPU.Build.0 = Debug|Any CPU
		{39FE31A9-240A-4604-8975-7CAAA91AC649}.Debug|x64.ActiveCfg = Debug|Any CPU
		{39FE31A9-240A-4604-8975-7CAAA91AC649}.Debug|x64.Build.0 = Debug|Any CPU
		{39FE31A9-240A-4604-8975-7CAAA91AC649}.Debug|x86.ActiveCfg = Debug|Any CPU
		{39FE31A9-240A-4604-8975-7CAAA91AC649}.Debug|x86.Build.0 = Debug|Any CPU
		{39FE31A9-240A-4604-8975-7CAAA91AC649}.Release|Any CPU.ActiveCfg = Release|Any CPU
		{39FE31A9-240A-4604-8975-7CAAA91AC649}.Release|Any CPU.Build.0 = Release|Any CPU
		{39FE31A9-240A-4604-8975-7CAAA91AC649}.Release|x64.ActiveCfg = Release|Any CPU
		{39FE31A9-240A-4604-8975-7CAAA91AC649}.Release|x64.Build.0 = Release|Any CPU
		{39FE31A9-240A-4604-8975-7CAAA91AC649}.Release|x86.ActiveCfg = Release|Any CPU
		{39FE31A9-240A-4604-8975-7CAAA91AC649}.Release|x86.Build.0 = Release|Any CPU
		{4CDF6FA8-E0E3-4DE9-9DFF-DE53BEAA38F3}.Debug|Any CPU.ActiveCfg = Debug|Any CPU
		{4CDF6FA8-E0E3-4DE9-9DFF-DE53BEAA38F3}.Debug|Any CPU.Build.0 = Debug|Any CPU
		{4CDF6FA8-E0E3-4DE9-9DFF-DE53BEAA38F3}.Debug|x64.ActiveCfg = Debug|Any CPU
		{4CDF6FA8-E0E3-4DE9-9DFF-DE53BEAA38F3}.Debug|x64.Build.0 = Debug|Any CPU
		{4CDF6FA8-E0E3-4DE9-9DFF-DE53BEAA38F3}.Debug|x86.ActiveCfg = Debug|Any CPU
		{4CDF6FA8-E0E3-4DE9-9DFF-DE53BEAA38F3}.Debug|x86.Build.0 = Debug|Any CPU
		{4CDF6FA8-E0E3-4DE9-9DFF-DE53BEAA38F3}.Release|Any CPU.ActiveCfg = Release|Any CPU
		{4CDF6FA8-E0E3-4DE9-9DFF-DE53BEAA38F3}.Release|Any CPU.Build.0 = Release|Any CPU
		{4CDF6FA8-E0E3-4DE9-9DFF-DE53BEAA38F3}.Release|x64.ActiveCfg = Release|Any CPU
		{4CDF6FA8-E0E3-4DE9-9DFF-DE53BEAA38F3}.Release|x64.Build.0 = Release|Any CPU
		{4CDF6FA8-E0E3-4DE9-9DFF-DE53BEAA38F3}.Release|x86.ActiveCfg = Release|Any CPU
		{4CDF6FA8-E0E3-4DE9-9DFF-DE53BEAA38F3}.Release|x86.Build.0 = Release|Any CPU
		{9D3EEB00-A231-4092-A595-1BD984E74983}.Debug|Any CPU.ActiveCfg = Debug|Any CPU
		{9D3EEB00-A231-4092-A595-1BD984E74983}.Debug|Any CPU.Build.0 = Debug|Any CPU
		{9D3EEB00-A231-4092-A595-1BD984E74983}.Debug|x64.ActiveCfg = Debug|Any CPU
		{9D3EEB00-A231-4092-A595-1BD984E74983}.Debug|x64.Build.0 = Debug|Any CPU
		{9D3EEB00-A231-4092-A595-1BD984E74983}.Debug|x86.ActiveCfg = Debug|Any CPU
		{9D3EEB00-A231-4092-A595-1BD984E74983}.Debug|x86.Build.0 = Debug|Any CPU
		{9D3EEB00-A231-4092-A595-1BD984E74983}.Release|Any CPU.ActiveCfg = Release|Any CPU
		{9D3EEB00-A231-4092-A595-1BD984E74983}.Release|Any CPU.Build.0 = Release|Any CPU
		{9D3EEB00-A231-4092-A595-1BD984E74983}.Release|x64.ActiveCfg = Release|Any CPU
		{9D3EEB00-A231-4092-A595-1BD984E74983}.Release|x64.Build.0 = Release|Any CPU
		{9D3EEB00-A231-4092-A595-1BD984E74983}.Release|x86.ActiveCfg = Release|Any CPU
		{9D3EEB00-A231-4092-A595-1BD984E74983}.Release|x86.Build.0 = Release|Any CPU
		{9C13C175-8DC0-4C01-A9C7-8E39644EAB3A}.Debug|Any CPU.ActiveCfg = Debug|Any CPU
		{9C13C175-8DC0-4C01-A9C7-8E39644EAB3A}.Debug|Any CPU.Build.0 = Debug|Any CPU
		{9C13C175-8DC0-4C01-A9C7-8E39644EAB3A}.Debug|x64.ActiveCfg = Debug|Any CPU
		{9C13C175-8DC0-4C01-A9C7-8E39644EAB3A}.Debug|x64.Build.0 = Debug|Any CPU
		{9C13C175-8DC0-4C01-A9C7-8E39644EAB3A}.Debug|x86.ActiveCfg = Debug|Any CPU
		{9C13C175-8DC0-4C01-A9C7-8E39644EAB3A}.Debug|x86.Build.0 = Debug|Any CPU
		{9C13C175-8DC0-4C01-A9C7-8E39644EAB3A}.Release|Any CPU.ActiveCfg = Release|Any CPU
		{9C13C175-8DC0-4C01-A9C7-8E39644EAB3A}.Release|Any CPU.Build.0 = Release|Any CPU
		{9C13C175-8DC0-4C01-A9C7-8E39644EAB3A}.Release|x64.ActiveCfg = Release|Any CPU
		{9C13C175-8DC0-4C01-A9C7-8E39644EAB3A}.Release|x64.Build.0 = Release|Any CPU
		{9C13C175-8DC0-4C01-A9C7-8E39644EAB3A}.Release|x86.ActiveCfg = Release|Any CPU
		{9C13C175-8DC0-4C01-A9C7-8E39644EAB3A}.Release|x86.Build.0 = Release|Any CPU
		{8242FBDF-C9FA-4E14-BE49-46471CEECFA5}.Debug|Any CPU.ActiveCfg = Debug|Any CPU
		{8242FBDF-C9FA-4E14-BE49-46471CEECFA5}.Debug|Any CPU.Build.0 = Debug|Any CPU
		{8242FBDF-C9FA-4E14-BE49-46471CEECFA5}.Debug|x64.ActiveCfg = Debug|Any CPU
		{8242FBDF-C9FA-4E14-BE49-46471CEECFA5}.Debug|x64.Build.0 = Debug|Any CPU
		{8242FBDF-C9FA-4E14-BE49-46471CEECFA5}.Debug|x86.ActiveCfg = Debug|Any CPU
		{8242FBDF-C9FA-4E14-BE49-46471CEECFA5}.Debug|x86.Build.0 = Debug|Any CPU
		{8242FBDF-C9FA-4E14-BE49-46471CEECFA5}.Release|Any CPU.ActiveCfg = Release|Any CPU
		{8242FBDF-C9FA-4E14-BE49-46471CEECFA5}.Release|Any CPU.Build.0 = Release|Any CPU
		{8242FBDF-C9FA-4E14-BE49-46471CEECFA5}.Release|x64.ActiveCfg = Release|Any CPU
		{8242FBDF-C9FA-4E14-BE49-46471CEECFA5}.Release|x64.Build.0 = Release|Any CPU
		{8242FBDF-C9FA-4E14-BE49-46471CEECFA5}.Release|x86.ActiveCfg = Release|Any CPU
		{8242FBDF-C9FA-4E14-BE49-46471CEECFA5}.Release|x86.Build.0 = Release|Any CPU
	EndGlobalSection
	GlobalSection(SolutionProperties) = preSolution
		HideSolutionNode = FALSE
	EndGlobalSection
	GlobalSection(ExtensibilityGlobals) = postSolution
		SolutionGuid = {E60CC55A-354E-49BB-9A98-C0CD76D9A41F}
	EndGlobalSection
EndGlobal
